
Microsoft Visual Studio Solution File, Format Version 12.00
# Visual Studio Version 17
VisualStudioVersion = 17.8.34330.188
MinimumVisualStudioVersion = 10.0.40219.1
Project("{9A19103F-16F7-4668-BE54-9A1E7A4F7556}") = "CommonScriptHarness", "CommonScriptHarness\CommonScriptHarness.csproj", "{CA79E895-EDC2-4894-92C2-6C829C621E76}"
EndProject
Project("{9A19103F-16F7-4668-BE54-9A1E7A4F7556}") = "CommonScriptCompiler", "CommonScriptCompiler\CommonScriptCompiler.csproj", "{6F5A5798-AE05-4A9E-9CD9-F2BCB2F37ED7}"
EndProject
Project("{9A19103F-16F7-4668-BE54-9A1E7A4F7556}") = "CommonScriptRuntime", "CommonScriptRuntime\CommonScriptRuntime.csproj", "{1A1B744E-CB9F-40C7-A4BD-6855344714C3}"
EndProject
Global
	GlobalSection(SolutionConfigurationPlatforms) = preSolution
		Debug|Any CPU = Debug|Any CPU
		Release|Any CPU = Release|Any CPU
	EndGlobalSection
	GlobalSection(ProjectConfigurationPlatforms) = postSolution
		{CA79E895-EDC2-4894-92C2-6C829C621E76}.Debug|Any CPU.ActiveCfg = Debug|Any CPU
		{CA79E895-EDC2-4894-92C2-6C829C621E76}.Debug|Any CPU.Build.0 = Debug|Any CPU
		{CA79E895-EDC2-4894-92C2-6C829C621E76}.Release|Any CPU.ActiveCfg = Release|Any CPU
		{CA79E895-EDC2-4894-92C2-6C829C621E76}.Release|Any CPU.Build.0 = Release|Any CPU
		{6F5A5798-AE05-4A9E-9CD9-F2BCB2F37ED7}.Debug|Any CPU.ActiveCfg = Debug|Any CPU
		{6F5A5798-AE05-4A9E-9CD9-F2BCB2F37ED7}.Debug|Any CPU.Build.0 = Debug|Any CPU
		{6F5A5798-AE05-4A9E-9CD9-F2BCB2F37ED7}.Release|Any CPU.ActiveCfg = Release|Any CPU
		{6F5A5798-AE05-4A9E-9CD9-F2BCB2F37ED7}.Release|Any CPU.Build.0 = Release|Any CPU
		{1A1B744E-CB9F-40C7-A4BD-6855344714C3}.Debug|Any CPU.ActiveCfg = Debug|Any CPU
		{1A1B744E-CB9F-40C7-A4BD-6855344714C3}.Debug|Any CPU.Build.0 = Debug|Any CPU
		{1A1B744E-CB9F-40C7-A4BD-6855344714C3}.Release|Any CPU.ActiveCfg = Release|Any CPU
		{1A1B744E-CB9F-40C7-A4BD-6855344714C3}.Release|Any CPU.Build.0 = Release|Any CPU
	EndGlobalSection
	GlobalSection(SolutionProperties) = preSolution
		HideSolutionNode = FALSE
	EndGlobalSection
	GlobalSection(ExtensibilityGlobals) = postSolution
		SolutionGuid = {AC6B2050-9D88-4A2A-973F-5E63CD9584BA}
	EndGlobalSection
EndGlobal
